{
  "name": "payday2Charts",
  "lockfileVersion": 2,
  "requires": true,
  "packages": {
    "": {
      "dependencies": {
        "@hotwired/turbo": "^8.0.5"
      }
    },
    "node_modules/@hotwired/turbo": {
      "version": "8.0.5",
      "resolved": "https://registry.npmjs.org/@hotwired/turbo/-/turbo-8.0.5.tgz",
      "integrity": "sha512-TdZDA7fxVQ2ZycygvpnzjGPmFq4sO/E2QVg+2em/sJ3YTSsIWVEis8HmWlumz+c9DjWcUkcCuB+muF08TInpAQ==",
      "engines": {
        "node": ">= 14"
      }
    }
  },
  "dependencies": {
    "@hotwired/turbo": {
      "version": "8.0.5",
      "resolved": "https://registry.npmjs.org/@hotwired/turbo/-/turbo-8.0.5.tgz",
      "integrity": "sha512-TdZDA7fxVQ2ZycygvpnzjGPmFq4sO/E2QVg+2em/sJ3YTSsIWVEis8HmWlumz+c9DjWcUkcCuB+muF08TInpAQ=="
    }
  }
}
