# THIS IS AN AUTOGENERATED FILE. DO NOT EDIT THIS FILE DIRECTLY.
# yarn lockfile v1


"@kurkle/color@^0.3.0":
  version "0.3.2"
  resolved "https://registry.yarnpkg.com/@kurkle/color/-/color-0.3.2.tgz#5acd38242e8bde4f9986e7913c8fdf49d3aa199f"
  integrity sha512-fuscdXJ9G1qb7W8VdHi+IwRqij3lBkosAm4ydQtEmbY58OzHXqQhvlxqEkoz0yssNVn38bcpRWgA9PP+OGoisw==

chart.js@^4.2.1:
  version "4.2.1"
  resolved "https://registry.yarnpkg.com/chart.js/-/chart.js-4.2.1.tgz#d2bd5c98e9a0ae35408975b638f40513b067ba1d"
  integrity sha512-6YbpQ0nt3NovAgOzbkSSeeAQu/3za1319dPUQTXn9WcOpywM8rGKxJHrhS8V8xEkAlk8YhEfjbuAPfUyp6jIsw==
  dependencies:
    "@kurkle/color" "^0.3.0"
